
Microsoft Visual Studio Solution File, Format Version 12.00
# Visual Studio Version 17
VisualStudioVersion = 17.0.32126.317
MinimumVisualStudioVersion = 10.0.40219.1
Project("{9A19103F-16F7-4668-BE54-9A1E7A4F7556}") = "AtonWebApi", "AtonWebApi\AtonWebApi.csproj", "{1833E2F5-EBCF-4094-822E-525AAF281D9B}"
EndProject
Project("{2150E333-8FDC-42A3-9474-1A3956D46DE8}") = "Models", "Models", "{B08D3250-8B90-4FFF-924A-71968287823C}"
EndProject
Project("{9A19103F-16F7-4668-BE54-9A1E7A4F7556}") = "AtonWebApi.Models", "AtonWebApi.Models\AtonWebApi.Models.csproj", "{C9FD7E77-A5AF-4F95-8422-33C7F489F344}"
EndProject
Project("{2150E333-8FDC-42A3-9474-1A3956D46DE8}") = "Data", "Data", "{6CA8EB68-7D71-42C6-ACD4-537208EC829F}"
EndProject
Project("{9A19103F-16F7-4668-BE54-9A1E7A4F7556}") = "AtonWebApi.Data", "AtonTestTask.Data\AtonWebApi.Data.csproj", "{3455AE7D-5177-4BAB-AD89-43A17BD0ADF0}"
EndProject
Project("{2150E333-8FDC-42A3-9474-1A3956D46DE8}") = "Interfaces", "Interfaces", "{5110A5D3-0A96-4169-A955-28B8A3FA9EA4}"
EndProject
Project("{9A19103F-16F7-4668-BE54-9A1E7A4F7556}") = "AtonWebApi.Interfaces", "AtonTestTask.Interfaces\AtonWebApi.Interfaces.csproj", "{535D7C1C-F0A4-471C-BBB4-56AE4CCB7F14}"
EndProject
Project("{2150E333-8FDC-42A3-9474-1A3956D46DE8}") = "Attributes", "Attributes", "{72BEFDE1-A5EC-4213-851A-083C495C29A7}"
EndProject
Project("{9A19103F-16F7-4668-BE54-9A1E7A4F7556}") = "AtonWebApi.Attributes", "AtonWebApi.Attributes\AtonWebApi.Attributes.csproj", "{AA1E6E5C-5B14-4F12-BDB3-A755392B7588}"
EndProject
Project("{2150E333-8FDC-42A3-9474-1A3956D46DE8}") = "Entities", "Entities", "{490B9920-CCDF-4551-B1F3-9AAF3573CAB8}"
EndProject
Project("{9A19103F-16F7-4668-BE54-9A1E7A4F7556}") = "AtonWebApi.Entities", "AtonWebApi.Entities\AtonWebApi.Entities.csproj", "{26B4BEB3-C428-4A7A-B3AE-6BB52C30A836}"
EndProject
Project("{2150E333-8FDC-42A3-9474-1A3956D46DE8}") = "Dto", "Dto", "{3979CC6A-32C6-48C5-8F37-2D79F8FFB46D}"
EndProject
Project("{9A19103F-16F7-4668-BE54-9A1E7A4F7556}") = "AtonWebApi.Dto", "AtonWebApi.Dto\AtonWebApi.Dto.csproj", "{41C300CE-A305-44ED-B2FF-408E74B34D0E}"
EndProject
Project("{2150E333-8FDC-42A3-9474-1A3956D46DE8}") = "Services", "Services", "{053EAF73-3CC0-453F-BBCD-6A5A0B4CFC55}"
EndProject
Project("{9A19103F-16F7-4668-BE54-9A1E7A4F7556}") = "AtonWebApi.Services", "AtonWebApi.Services\AtonWebApi.Services.csproj", "{D58B89B5-131E-42AA-8683-77ACE2891B68}"
EndProject
Project("{2150E333-8FDC-42A3-9474-1A3956D46DE8}") = "Response", "Response", "{521589C2-5B6B-49DB-811E-B55551416AAB}"
EndProject
Project("{FAE04EC0-301F-11D3-BF4B-00C04F79EFBC}") = "AtonWebApi.Response", "AtonWebApi.Response\AtonWebApi.Response.csproj", "{E9F226D8-657D-428B-9D6B-BA38321B6F8C}"
EndProject
Global
	GlobalSection(SolutionConfigurationPlatforms) = preSolution
		Debug|Any CPU = Debug|Any CPU
		Release|Any CPU = Release|Any CPU
	EndGlobalSection
	GlobalSection(ProjectConfigurationPlatforms) = postSolution
		{1833E2F5-EBCF-4094-822E-525AAF281D9B}.Debug|Any CPU.ActiveCfg = Debug|Any CPU
		{1833E2F5-EBCF-4094-822E-525AAF281D9B}.Debug|Any CPU.Build.0 = Debug|Any CPU
		{1833E2F5-EBCF-4094-822E-525AAF281D9B}.Release|Any CPU.ActiveCfg = Release|Any CPU
		{1833E2F5-EBCF-4094-822E-525AAF281D9B}.Release|Any CPU.Build.0 = Release|Any CPU
		{C9FD7E77-A5AF-4F95-8422-33C7F489F344}.Debug|Any CPU.ActiveCfg = Debug|Any CPU
		{C9FD7E77-A5AF-4F95-8422-33C7F489F344}.Debug|Any CPU.Build.0 = Debug|Any CPU
		{C9FD7E77-A5AF-4F95-8422-33C7F489F344}.Release|Any CPU.ActiveCfg = Release|Any CPU
		{C9FD7E77-A5AF-4F95-8422-33C7F489F344}.Release|Any CPU.Build.0 = Release|Any CPU
		{3455AE7D-5177-4BAB-AD89-43A17BD0ADF0}.Debug|Any CPU.ActiveCfg = Debug|Any CPU
		{3455AE7D-5177-4BAB-AD89-43A17BD0ADF0}.Debug|Any CPU.Build.0 = Debug|Any CPU
		{3455AE7D-5177-4BAB-AD89-43A17BD0ADF0}.Release|Any CPU.ActiveCfg = Release|Any CPU
		{3455AE7D-5177-4BAB-AD89-43A17BD0ADF0}.Release|Any CPU.Build.0 = Release|Any CPU
		{535D7C1C-F0A4-471C-BBB4-56AE4CCB7F14}.Debug|Any CPU.ActiveCfg = Debug|Any CPU
		{535D7C1C-F0A4-471C-BBB4-56AE4CCB7F14}.Debug|Any CPU.Build.0 = Debug|Any CPU
		{535D7C1C-F0A4-471C-BBB4-56AE4CCB7F14}.Release|Any CPU.ActiveCfg = Release|Any CPU
		{535D7C1C-F0A4-471C-BBB4-56AE4CCB7F14}.Release|Any CPU.Build.0 = Release|Any CPU
		{AA1E6E5C-5B14-4F12-BDB3-A755392B7588}.Debug|Any CPU.ActiveCfg = Debug|Any CPU
		{AA1E6E5C-5B14-4F12-BDB3-A755392B7588}.Debug|Any CPU.Build.0 = Debug|Any CPU
		{AA1E6E5C-5B14-4F12-BDB3-A755392B7588}.Release|Any CPU.ActiveCfg = Release|Any CPU
		{AA1E6E5C-5B14-4F12-BDB3-A755392B7588}.Release|Any CPU.Build.0 = Release|Any CPU
		{26B4BEB3-C428-4A7A-B3AE-6BB52C30A836}.Debug|Any CPU.ActiveCfg = Debug|Any CPU
		{26B4BEB3-C428-4A7A-B3AE-6BB52C30A836}.Debug|Any CPU.Build.0 = Debug|Any CPU
		{26B4BEB3-C428-4A7A-B3AE-6BB52C30A836}.Release|Any CPU.ActiveCfg = Release|Any CPU
		{26B4BEB3-C428-4A7A-B3AE-6BB52C30A836}.Release|Any CPU.Build.0 = Release|Any CPU
		{41C300CE-A305-44ED-B2FF-408E74B34D0E}.Debug|Any CPU.ActiveCfg = Debug|Any CPU
		{41C300CE-A305-44ED-B2FF-408E74B34D0E}.Debug|Any CPU.Build.0 = Debug|Any CPU
		{41C300CE-A305-44ED-B2FF-408E74B34D0E}.Release|Any CPU.ActiveCfg = Release|Any CPU
		{41C300CE-A305-44ED-B2FF-408E74B34D0E}.Release|Any CPU.Build.0 = Release|Any CPU
		{D58B89B5-131E-42AA-8683-77ACE2891B68}.Debug|Any CPU.ActiveCfg = Debug|Any CPU
		{D58B89B5-131E-42AA-8683-77ACE2891B68}.Debug|Any CPU.Build.0 = Debug|Any CPU
		{D58B89B5-131E-42AA-8683-77ACE2891B68}.Release|Any CPU.ActiveCfg = Release|Any CPU
		{D58B89B5-131E-42AA-8683-77ACE2891B68}.Release|Any CPU.Build.0 = Release|Any CPU
		{E9F226D8-657D-428B-9D6B-BA38321B6F8C}.Debug|Any CPU.ActiveCfg = Debug|Any CPU
		{E9F226D8-657D-428B-9D6B-BA38321B6F8C}.Debug|Any CPU.Build.0 = Debug|Any CPU
		{E9F226D8-657D-428B-9D6B-BA38321B6F8C}.Release|Any CPU.ActiveCfg = Release|Any CPU
		{E9F226D8-657D-428B-9D6B-BA38321B6F8C}.Release|Any CPU.Build.0 = Release|Any CPU
	EndGlobalSection
	GlobalSection(SolutionProperties) = preSolution
		HideSolutionNode = FALSE
	EndGlobalSection
	GlobalSection(NestedProjects) = preSolution
		{C9FD7E77-A5AF-4F95-8422-33C7F489F344} = {B08D3250-8B90-4FFF-924A-71968287823C}
		{3455AE7D-5177-4BAB-AD89-43A17BD0ADF0} = {6CA8EB68-7D71-42C6-ACD4-537208EC829F}
		{535D7C1C-F0A4-471C-BBB4-56AE4CCB7F14} = {5110A5D3-0A96-4169-A955-28B8A3FA9EA4}
		{AA1E6E5C-5B14-4F12-BDB3-A755392B7588} = {72BEFDE1-A5EC-4213-851A-083C495C29A7}
		{26B4BEB3-C428-4A7A-B3AE-6BB52C30A836} = {490B9920-CCDF-4551-B1F3-9AAF3573CAB8}
		{41C300CE-A305-44ED-B2FF-408E74B34D0E} = {3979CC6A-32C6-48C5-8F37-2D79F8FFB46D}
		{D58B89B5-131E-42AA-8683-77ACE2891B68} = {053EAF73-3CC0-453F-BBCD-6A5A0B4CFC55}
		{E9F226D8-657D-428B-9D6B-BA38321B6F8C} = {521589C2-5B6B-49DB-811E-B55551416AAB}
	EndGlobalSection
	GlobalSection(ExtensibilityGlobals) = postSolution
		SolutionGuid = {0ECAC60B-38A2-42CD-98AE-AA6699D88D48}
	EndGlobalSection
EndGlobal
